
Microsoft Visual Studio Solution File, Format Version 12.00
# Visual Studio Version 16
VisualStudioVersion = 16.0.31129.286
MinimumVisualStudioVersion = 10.0.40219.1
Project("{FAE04EC0-301F-11D3-BF4B-00C04F79EFBC}") = "CitiInformation", "CitiInformation\CitiInformation.csproj", "{444DF97F-B7FB-41C0-B6F0-464C9BFA5BD5}"
EndProject
Global
	GlobalSection(SolutionConfigurationPlatforms) = preSolution
		Debug|Any CPU = Debug|Any CPU
		Release|Any CPU = Release|Any CPU
	EndGlobalSection
	GlobalSection(ProjectConfigurationPlatforms) = postSolution
		{444DF97F-B7FB-41C0-B6F0-464C9BFA5BD5}.Debug|Any CPU.ActiveCfg = Debug|Any CPU
		{444DF97F-B7FB-41C0-B6F0-464C9BFA5BD5}.Debug|Any CPU.Build.0 = Debug|Any CPU
		{444DF97F-B7FB-41C0-B6F0-464C9BFA5BD5}.Release|Any CPU.ActiveCfg = Release|Any CPU
		{444DF97F-B7FB-41C0-B6F0-464C9BFA5BD5}.Release|Any CPU.Build.0 = Release|Any CPU
	EndGlobalSection
	GlobalSection(SolutionProperties) = preSolution
		HideSolutionNode = FALSE
	EndGlobalSection
	GlobalSection(ExtensibilityGlobals) = postSolution
		SolutionGuid = {B98FCA9D-2728-4161-8CA0-1C0F1467668C}
	EndGlobalSection
EndGlobal
